{
  "name": "js_tutorial",
  "lockfileVersion": 3,
  "requires": true,
  "packages": {
    "": {
      "dependencies": {
        "fchagasjr-palindrome": "^0.1.0"
      }
    },
    "node_modules/fchagasjr-palindrome": {
      "version": "0.1.0",
      "resolved": "https://registry.npmjs.org/fchagasjr-palindrome/-/fchagasjr-palindrome-0.1.0.tgz",
      "integrity": "sha512-LCpqvt9MwE1oFFjwAXVasnU/I2ocDz5Gy9YFiSrw7eGChpb++dODFfpbfdPf4txHVup3vBHhju9AkT8QAcO3Lg=="
    }
  }
}
